
Microsoft Visual Studio Solution File, Format Version 12.00
# Visual Studio Version 17
VisualStudioVersion = 17.0.32014.148
MinimumVisualStudioVersion = 10.0.40219.1
Project("{9A19103F-16F7-4668-BE54-9A1E7A4F7556}") = "Game.Api", "Game.Api\Game.Api.csproj", "{985A55F2-8DAB-4798-A994-01C5905B462E}"
EndProject
Project("{E53339B2-1760-4266-BCC7-CA923CBCF16C}") = "docker-compose", "docker-compose.dcproj", "{7084E62D-D8FE-49FD-A0F9-9A40C57146A5}"
EndProject
Project("{9A19103F-16F7-4668-BE54-9A1E7A4F7556}") = "Game.DataAccess", "Game.DataAccess\Game.DataAccess.csproj", "{1A061F3C-AC43-4AE3-BE5E-572835FB0ECA}"
EndProject
Global
	GlobalSection(SolutionConfigurationPlatforms) = preSolution
		Debug|Any CPU = Debug|Any CPU
		Release|Any CPU = Release|Any CPU
	EndGlobalSection
	GlobalSection(ProjectConfigurationPlatforms) = postSolution
		{985A55F2-8DAB-4798-A994-01C5905B462E}.Debug|Any CPU.ActiveCfg = Debug|Any CPU
		{985A55F2-8DAB-4798-A994-01C5905B462E}.Debug|Any CPU.Build.0 = Debug|Any CPU
		{985A55F2-8DAB-4798-A994-01C5905B462E}.Release|Any CPU.ActiveCfg = Release|Any CPU
		{985A55F2-8DAB-4798-A994-01C5905B462E}.Release|Any CPU.Build.0 = Release|Any CPU
		{7084E62D-D8FE-49FD-A0F9-9A40C57146A5}.Debug|Any CPU.ActiveCfg = Debug|Any CPU
		{7084E62D-D8FE-49FD-A0F9-9A40C57146A5}.Debug|Any CPU.Build.0 = Debug|Any CPU
		{7084E62D-D8FE-49FD-A0F9-9A40C57146A5}.Release|Any CPU.ActiveCfg = Release|Any CPU
		{7084E62D-D8FE-49FD-A0F9-9A40C57146A5}.Release|Any CPU.Build.0 = Release|Any CPU
		{1A061F3C-AC43-4AE3-BE5E-572835FB0ECA}.Debug|Any CPU.ActiveCfg = Debug|Any CPU
		{1A061F3C-AC43-4AE3-BE5E-572835FB0ECA}.Debug|Any CPU.Build.0 = Debug|Any CPU
		{1A061F3C-AC43-4AE3-BE5E-572835FB0ECA}.Release|Any CPU.ActiveCfg = Release|Any CPU
		{1A061F3C-AC43-4AE3-BE5E-572835FB0ECA}.Release|Any CPU.Build.0 = Release|Any CPU
	EndGlobalSection
	GlobalSection(SolutionProperties) = preSolution
		HideSolutionNode = FALSE
	EndGlobalSection
	GlobalSection(ExtensibilityGlobals) = postSolution
		SolutionGuid = {E819967F-16FA-4442-B952-58E24AE817A2}
	EndGlobalSection
EndGlobal
